{
  "originHash" : "a6f9fefb6bcea5ff09c2ff6d56f3160f9070a8b23ccce5d660bd485646c1f279",
  "pins" : [
    {
      "identity" : "fp",
      "kind" : "remoteSourceControl",
      "location" : "https://github.com/luizmb/FP.git",
      "state" : {
        "revision" : "d274138e9897e8daae26d4ca5a7e039b49c70ca2",
        "version" : "1.14.0"
      }
    },
    {
      "identity" : "hourglass",
      "kind" : "remoteSourceControl",
      "location" : "https://github.com/luizmb/Hourglass.git",
      "state" : {
        "revision" : "313f32dc368d39d13c4cc5540a076c8b7bc9d4f5",
        "version" : "0.7.0"
      }
    },
    {
      "identity" : "reactiveconcurrency",
      "kind" : "remoteSourceControl",
      "location" : "https://github.com/luizmb/ReactiveConcurrency.git",
      "state" : {
        "revision" : "ede44828e09819eb4cb5c13d65e06f212c830bed",
        "version" : "0.5.0"
      }
    },
    {
      "identity" : "swift-atomics",
      "kind" : "remoteSourceControl",
      "location" : "https://github.com/apple/swift-atomics.git",
      "state" : {
        "revision" : "b601256eab081c0f92f059e12818ac1d4f178ff7",
        "version" : "1.3.0"
      }
    },
    {
      "identity" : "swift-collections",
      "kind" : "remoteSourceControl",
      "location" : "https://github.com/apple/swift-collections.git",
      "state" : {
        "revision" : "fea17c02d767f46b23070fdfdacc28a03a39232a",
        "version" : "1.5.1"
      }
    },
    {
      "identity" : "swift-docc-plugin",
      "kind" : "remoteSourceControl",
      "location" : "https://github.com/swiftlang/swift-docc-plugin",
      "state" : {
        "revision" : "647c708be89f834fa6a6d4945442793a77ddf5b6",
        "version" : "1.5.0"
      }
    },
    {
      "identity" : "swift-docc-symbolkit",
      "kind" : "remoteSourceControl",
      "location" : "https://github.com/swiftlang/swift-docc-symbolkit",
      "state" : {
        "revision" : "b45d1f2ed151d057b54504d653e0da5552844e34",
        "version" : "1.0.0"
      }
    },
    {
      "identity" : "swift-nio",
      "kind" : "remoteSourceControl",
      "location" : "https://github.com/apple/swift-nio.git",
      "state" : {
        "revision" : "0b18836bd8b0162e7e17a995a3fbee20ed8f3b2b",
        "version" : "2.101.3"
      }
    },
    {
      "identity" : "swift-syntax",
      "kind" : "remoteSourceControl",
      "location" : "https://github.com/swiftlang/swift-syntax.git",
      "state" : {
        "revision" : "79e4b74a295b6eb74a8b585e3a39d29e70c1dbd1",
        "version" : "603.0.2"
      }
    },
    {
      "identity" : "swift-system",
      "kind" : "remoteSourceControl",
      "location" : "https://github.com/apple/swift-system.git",
      "state" : {
        "revision" : "7c6ad0fc39d0763e0b699210e4124afd5041c5df",
        "version" : "1.6.4"
      }
    }
  ],
  "version" : 3
}
